
Microsoft Visual Studio Solution File, Format Version 12.00
# Visual Studio 2012
Project("{FAE04EC0-301F-11D3-BF4B-00C04F79EFBC}") = "ClinicLibrary", "ClinicLibrary.csproj", "{146A3A0D-5E07-4131-AE35-0D202830DDDA}"
EndProject
Global
	GlobalSection(SolutionConfigurationPlatforms) = preSolution
		Debug|Any CPU = Debug|Any CPU
		Release|Any CPU = Release|Any CPU
	EndGlobalSection
	GlobalSection(ProjectConfigurationPlatforms) = postSolution
		{146A3A0D-5E07-4131-AE35-0D202830DDDA}.Debug|Any CPU.ActiveCfg = Debug|Any CPU
		{146A3A0D-5E07-4131-AE35-0D202830DDDA}.Debug|Any CPU.Build.0 = Debug|Any CPU
		{146A3A0D-5E07-4131-AE35-0D202830DDDA}.Release|Any CPU.ActiveCfg = Release|Any CPU
		{146A3A0D-5E07-4131-AE35-0D202830DDDA}.Release|Any CPU.Build.0 = Release|Any CPU
	EndGlobalSection
	GlobalSection(SolutionProperties) = preSolution
		HideSolutionNode = FALSE
	EndGlobalSection
EndGlobal
