
Microsoft Visual Studio Solution File, Format Version 12.00
# Visual Studio 2012
Project("{FAE04EC0-301F-11D3-BF4B-00C04F79EFBC}") = "ClinicModel", "ClinicModel.csproj", "{87A5509F-93A4-4084-8F03-B19C1C1A4F67}"
EndProject
Global
	GlobalSection(SolutionConfigurationPlatforms) = preSolution
		Debug|Any CPU = Debug|Any CPU
		Release|Any CPU = Release|Any CPU
	EndGlobalSection
	GlobalSection(ProjectConfigurationPlatforms) = postSolution
		{87A5509F-93A4-4084-8F03-B19C1C1A4F67}.Debug|Any CPU.ActiveCfg = Debug|Any CPU
		{87A5509F-93A4-4084-8F03-B19C1C1A4F67}.Debug|Any CPU.Build.0 = Debug|Any CPU
		{87A5509F-93A4-4084-8F03-B19C1C1A4F67}.Release|Any CPU.ActiveCfg = Release|Any CPU
		{87A5509F-93A4-4084-8F03-B19C1C1A4F67}.Release|Any CPU.Build.0 = Release|Any CPU
	EndGlobalSection
	GlobalSection(SolutionProperties) = preSolution
		HideSolutionNode = FALSE
	EndGlobalSection
EndGlobal
