
Microsoft Visual Studio Solution File, Format Version 12.00
# Visual Studio 2012
Project("{FAE04EC0-301F-11D3-BF4B-00C04F79EFBC}") = "ClinicDAL", "ClinicDAL.csproj", "{FABEBC26-B925-42EB-BC88-365140F9575F}"
EndProject
Global
	GlobalSection(SolutionConfigurationPlatforms) = preSolution
		Debug|Any CPU = Debug|Any CPU
		Release|Any CPU = Release|Any CPU
	EndGlobalSection
	GlobalSection(ProjectConfigurationPlatforms) = postSolution
		{FABEBC26-B925-42EB-BC88-365140F9575F}.Debug|Any CPU.ActiveCfg = Debug|Any CPU
		{FABEBC26-B925-42EB-BC88-365140F9575F}.Debug|Any CPU.Build.0 = Debug|Any CPU
		{FABEBC26-B925-42EB-BC88-365140F9575F}.Release|Any CPU.ActiveCfg = Release|Any CPU
		{FABEBC26-B925-42EB-BC88-365140F9575F}.Release|Any CPU.Build.0 = Release|Any CPU
	EndGlobalSection
	GlobalSection(SolutionProperties) = preSolution
		HideSolutionNode = FALSE
	EndGlobalSection
EndGlobal
